
Microsoft Visual Studio Solution File, Format Version 12.00
# Visual Studio Version 17
VisualStudioVersion = 17.7.34202.233
MinimumVisualStudioVersion = 10.0.40219.1
Project("{FAE04EC0-301F-11D3-BF4B-00C04F79EFBC}") = "DomaciUkol_6Lekce_UpravaKartoteky", "DomaciUkol_6Lekce_UpravaKartoteky\DomaciUkol_6Lekce_UpravaKartoteky.csproj", "{EBDCE83E-ABE8-493F-80A3-41283B2C47A4}"
EndProject
Global
	GlobalSection(SolutionConfigurationPlatforms) = preSolution
		Debug|Any CPU = Debug|Any CPU
		Release|Any CPU = Release|Any CPU
	EndGlobalSection
	GlobalSection(ProjectConfigurationPlatforms) = postSolution
		{EBDCE83E-ABE8-493F-80A3-41283B2C47A4}.Debug|Any CPU.ActiveCfg = Debug|Any CPU
		{EBDCE83E-ABE8-493F-80A3-41283B2C47A4}.Debug|Any CPU.Build.0 = Debug|Any CPU
		{EBDCE83E-ABE8-493F-80A3-41283B2C47A4}.Release|Any CPU.ActiveCfg = Release|Any CPU
		{EBDCE83E-ABE8-493F-80A3-41283B2C47A4}.Release|Any CPU.Build.0 = Release|Any CPU
	EndGlobalSection
	GlobalSection(SolutionProperties) = preSolution
		HideSolutionNode = FALSE
	EndGlobalSection
	GlobalSection(ExtensibilityGlobals) = postSolution
		SolutionGuid = {C9E8D944-5ECB-49B5-860F-7693CF76754B}
	EndGlobalSection
EndGlobal
